// !$*UTF8*$!
{
	archiveVersion = 1;
	classes = {
	};
	objectVersion = 50;
	objects = {

/* Begin PBXBuildFile section */
		122885402659827300D07DAB /* AppDelegate.swift in Sources */ = {isa = PBXBuildFile; fileRef = 1228853F2659827300D07DAB /* AppDelegate.swift */; };
		122885422659827300D07DAB /* SceneDelegate.swift in Sources */ = {isa = PBXBuildFile; fileRef = 122885412659827300D07DAB /* SceneDelegate.swift */; };
		122885492659827800D07DAB /* Assets.xcassets in Resources */ = {isa = PBXBuildFile; fileRef = 122885482659827800D07DAB /* Assets.xcassets */; };
		1228854C2659827800D07DAB /* LaunchScreen.storyboard in Resources */ = {isa = PBXBuildFile; fileRef = 1228854A2659827800D07DAB /* LaunchScreen.storyboard */; };
		12288554265982AD00D07DAB /* AppCoordinator.swift in Sources */ = {isa = PBXBuildFile; fileRef = 12288553265982AD00D07DAB /* AppCoordinator.swift */; };
		122885562659856E00D07DAB /* EventListCoordinator.swift in Sources */ = {isa = PBXBuildFile; fileRef = 122885552659856E00D07DAB /* EventListCoordinator.swift */; };
		12288558265985E100D07DAB /* EventListViewController.swift in Sources */ = {isa = PBXBuildFile; fileRef = 12288557265985E100D07DAB /* EventListViewController.swift */; };
		1228855C26598C2400D07DAB /* UIColor+Extensions.swift in Sources */ = {isa = PBXBuildFile; fileRef = 1228855B26598C2400D07DAB /* UIColor+Extensions.swift */; };
		1228855E26598C3200D07DAB /* UIImage+Extensions.swift in Sources */ = {isa = PBXBuildFile; fileRef = 1228855D26598C3200D07DAB /* UIImage+Extensions.swift */; };
		122885632659918600D07DAB /* EventsApp.xcdatamodeld in Sources */ = {isa = PBXBuildFile; fileRef = 122885612659918600D07DAB /* EventsApp.xcdatamodeld */; };
		122885652659925000D07DAB /* CoreDataManager.swift in Sources */ = {isa = PBXBuildFile; fileRef = 122885642659925000D07DAB /* CoreDataManager.swift */; };
		1290AE67265A3449008DCC4D /* EventListViewModel.swift in Sources */ = {isa = PBXBuildFile; fileRef = 1290AE66265A3449008DCC4D /* EventListViewModel.swift */; };
		1290AE69265A3616008DCC4D /* AddEventCoordinator.swift in Sources */ = {isa = PBXBuildFile; fileRef = 1290AE68265A3616008DCC4D /* AddEventCoordinator.swift */; };
		1290AE6B265A3918008DCC4D /* AddEventViewController.swift in Sources */ = {isa = PBXBuildFile; fileRef = 1290AE6A265A3918008DCC4D /* AddEventViewController.swift */; };
		1290AE6D265A3A3F008DCC4D /* AddEventViewModel.swift in Sources */ = {isa = PBXBuildFile; fileRef = 1290AE6C265A3A3F008DCC4D /* AddEventViewModel.swift */; };
/* End PBXBuildFile section */

/* Begin PBXFileReference section */
		1228853C2659827300D07DAB /* EventsApp.app */ = {isa = PBXFileReference; explicitFileType = wrapper.application; includeInIndex = 0; path = EventsApp.app; sourceTree = BUILT_PRODUCTS_DIR; };
		1228853F2659827300D07DAB /* AppDelegate.swift */ = {isa = PBXFileReference; lastKnownFileType = sourcecode.swift; path = AppDelegate.swift; sourceTree = "<group>"; };
		122885412659827300D07DAB /* SceneDelegate.swift */ = {isa = PBXFileReference; lastKnownFileType = sourcecode.swift; path = SceneDelegate.swift; sourceTree = "<group>"; };
		122885482659827800D07DAB /* Assets.xcassets */ = {isa = PBXFileReference; lastKnownFileType = folder.assetcatalog; path = Assets.xcassets; sourceTree = "<group>"; };
		1228854B2659827800D07DAB /* Base */ = {isa = PBXFileReference; lastKnownFileType = file.storyboard; name = Base; path = Base.lproj/LaunchScreen.storyboard; sourceTree = "<group>"; };
		1228854D2659827800D07DAB /* Info.plist */ = {isa = PBXFileReference; lastKnownFileType = text.plist.xml; path = Info.plist; sourceTree = "<group>"; };
		12288553265982AD00D07DAB /* AppCoordinator.swift */ = {isa = PBXFileReference; lastKnownFileType = sourcecode.swift; path = AppCoordinator.swift; sourceTree = "<group>"; };
		122885552659856E00D07DAB /* EventListCoordinator.swift */ = {isa = PBXFileReference; lastKnownFileType = sourcecode.swift; path = EventListCoordinator.swift; sourceTree = "<group>"; };
		12288557265985E100D07DAB /* EventListViewController.swift */ = {isa = PBXFileReference; lastKnownFileType = sourcecode.swift; path = EventListViewController.swift; sourceTree = "<group>"; };
		1228855B26598C2400D07DAB /* UIColor+Extensions.swift */ = {isa = PBXFileReference; lastKnownFileType = sourcecode.swift; path = "UIColor+Extensions.swift"; sourceTree = "<group>"; };
		1228855D26598C3200D07DAB /* UIImage+Extensions.swift */ = {isa = PBXFileReference; lastKnownFileType = sourcecode.swift; path = "UIImage+Extensions.swift"; sourceTree = "<group>"; };
		122885622659918600D07DAB /* EventsApp.xcdatamodel */ = {isa = PBXFileReference; lastKnownFileType = wrapper.xcdatamodel; path = EventsApp.xcdatamodel; sourceTree = "<group>"; };
		122885642659925000D07DAB /* CoreDataManager.swift */ = {isa = PBXFileReference; lastKnownFileType = sourcecode.swift; path = CoreDataManager.swift; sourceTree = "<group>"; };
		1290AE66265A3449008DCC4D /* EventListViewModel.swift */ = {isa = PBXFileReference; lastKnownFileType = sourcecode.swift; path = EventListViewModel.swift; sourceTree = "<group>"; };
		1290AE68265A3616008DCC4D /* AddEventCoordinator.swift */ = {isa = PBXFileReference; lastKnownFileType = sourcecode.swift; path = AddEventCoordinator.swift; sourceTree = "<group>"; };
		1290AE6A265A3918008DCC4D /* AddEventViewController.swift */ = {isa = PBXFileReference; lastKnownFileType = sourcecode.swift; path = AddEventViewController.swift; sourceTree = "<group>"; };
		1290AE6C265A3A3F008DCC4D /* AddEventViewModel.swift */ = {isa = PBXFileReference; lastKnownFileType = sourcecode.swift; path = AddEventViewModel.swift; sourceTree = "<group>"; };
/* End PBXFileReference section */

/* Begin PBXFrameworksBuildPhase section */
		122885392659827300D07DAB /* Frameworks */ = {
			isa = PBXFrameworksBuildPhase;
			buildActionMask = 2147483647;
			files = (
			);
			runOnlyForDeploymentPostprocessing = 0;
		};
/* End PBXFrameworksBuildPhase section */

/* Begin PBXGroup section */
		122885332659827300D07DAB = {
			isa = PBXGroup;
			children = (
				1228853E2659827300D07DAB /* EventsApp */,
				1228853D2659827300D07DAB /* Products */,
			);
			sourceTree = "<group>";
		};
		1228853D2659827300D07DAB /* Products */ = {
			isa = PBXGroup;
			children = (
				1228853C2659827300D07DAB /* EventsApp.app */,
			);
			name = Products;
			sourceTree = "<group>";
		};
		1228853E2659827300D07DAB /* EventsApp */ = {
			isa = PBXGroup;
			children = (
				122885412659827300D07DAB /* SceneDelegate.swift */,
				1228855F265990AA00D07DAB /* Coordinators */,
				1228856626599A8000D07DAB /* Managers */,
				12288560265990C200D07DAB /* Controllers */,
				1228855A26598C0A00D07DAB /* Extensions */,
				1228855926598A1600D07DAB /* Supporting files */,
				122885612659918600D07DAB /* EventsApp.xcdatamodeld */,
				1290AE66265A3449008DCC4D /* EventListViewModel.swift */,
				1290AE6C265A3A3F008DCC4D /* AddEventViewModel.swift */,
			);
			path = EventsApp;
			sourceTree = "<group>";
		};
		1228855926598A1600D07DAB /* Supporting files */ = {
			isa = PBXGroup;
			children = (
				1228853F2659827300D07DAB /* AppDelegate.swift */,
				122885482659827800D07DAB /* Assets.xcassets */,
				1228854A2659827800D07DAB /* LaunchScreen.storyboard */,
				1228854D2659827800D07DAB /* Info.plist */,
			);
			path = "Supporting files";
			sourceTree = "<group>";
		};
		1228855A26598C0A00D07DAB /* Extensions */ = {
			isa = PBXGroup;
			children = (
				1228855B26598C2400D07DAB /* UIColor+Extensions.swift */,
				1228855D26598C3200D07DAB /* UIImage+Extensions.swift */,
			);
			path = Extensions;
			sourceTree = "<group>";
		};
		1228855F265990AA00D07DAB /* Coordinators */ = {
			isa = PBXGroup;
			children = (
				12288553265982AD00D07DAB /* AppCoordinator.swift */,
				122885552659856E00D07DAB /* EventListCoordinator.swift */,
				1290AE68265A3616008DCC4D /* AddEventCoordinator.swift */,
			);
			path = Coordinators;
			sourceTree = "<group>";
		};
		12288560265990C200D07DAB /* Controllers */ = {
			isa = PBXGroup;
			children = (
				12288557265985E100D07DAB /* EventListViewController.swift */,
				1290AE6A265A3918008DCC4D /* AddEventViewController.swift */,
			);
			path = Controllers;
			sourceTree = "<group>";
		};
		1228856626599A8000D07DAB /* Managers */ = {
			isa = PBXGroup;
			children = (
				122885642659925000D07DAB /* CoreDataManager.swift */,
			);
			path = Managers;
			sourceTree = "<group>";
		};
/* End PBXGroup section */

/* Begin PBXNativeTarget section */
		1228853B2659827300D07DAB /* EventsApp */ = {
			isa = PBXNativeTarget;
			buildConfigurationList = 122885502659827800D07DAB /* Build configuration list for PBXNativeTarget "EventsApp" */;
			buildPhases = (
				122885382659827300D07DAB /* Sources */,
				122885392659827300D07DAB /* Frameworks */,
				1228853A2659827300D07DAB /* Resources */,
			);
			buildRules = (
			);
			dependencies = (
			);
			name = EventsApp;
			productName = EventsApp;
			productReference = 1228853C2659827300D07DAB /* EventsApp.app */;
			productType = "com.apple.product-type.application";
		};
/* End PBXNativeTarget section */

/* Begin PBXProject section */
		122885342659827300D07DAB /* Project object */ = {
			isa = PBXProject;
			attributes = {
				LastSwiftUpdateCheck = 1250;
				LastUpgradeCheck = 1250;
				TargetAttributes = {
					1228853B2659827300D07DAB = {
						CreatedOnToolsVersion = 12.5;
					};
				};
			};
			buildConfigurationList = 122885372659827300D07DAB /* Build configuration list for PBXProject "EventsApp" */;
			compatibilityVersion = "Xcode 9.3";
			developmentRegion = en;
			hasScannedForEncodings = 0;
			knownRegions = (
				en,
				Base,
			);
			mainGroup = 122885332659827300D07DAB;
			productRefGroup = 1228853D2659827300D07DAB /* Products */;
			projectDirPath = "";
			projectRoot = "";
			targets = (
				1228853B2659827300D07DAB /* EventsApp */,
			);
		};
/* End PBXProject section */

/* Begin PBXResourcesBuildPhase section */
		1228853A2659827300D07DAB /* Resources */ = {
			isa = PBXResourcesBuildPhase;
			buildActionMask = 2147483647;
			files = (
				1228854C2659827800D07DAB /* LaunchScreen.storyboard in Resources */,
				122885492659827800D07DAB /* Assets.xcassets in Resources */,
			);
			runOnlyForDeploymentPostprocessing = 0;
		};
/* End PBXResourcesBuildPhase section */

/* Begin PBXSourcesBuildPhase section */
		122885382659827300D07DAB /* Sources */ = {
			isa = PBXSourcesBuildPhase;
			buildActionMask = 2147483647;
			files = (
				12288554265982AD00D07DAB /* AppCoordinator.swift in Sources */,
				1290AE6B265A3918008DCC4D /* AddEventViewController.swift in Sources */,
				1228855C26598C2400D07DAB /* UIColor+Extensions.swift in Sources */,
				1290AE6D265A3A3F008DCC4D /* AddEventViewModel.swift in Sources */,
				12288558265985E100D07DAB /* EventListViewController.swift in Sources */,
				1228855E26598C3200D07DAB /* UIImage+Extensions.swift in Sources */,
				122885632659918600D07DAB /* EventsApp.xcdatamodeld in Sources */,
				122885402659827300D07DAB /* AppDelegate.swift in Sources */,
				122885652659925000D07DAB /* CoreDataManager.swift in Sources */,
				1290AE67265A3449008DCC4D /* EventListViewModel.swift in Sources */,
				122885422659827300D07DAB /* SceneDelegate.swift in Sources */,
				1290AE69265A3616008DCC4D /* AddEventCoordinator.swift in Sources */,
				122885562659856E00D07DAB /* EventListCoordinator.swift in Sources */,
			);
			runOnlyForDeploymentPostprocessing = 0;
		};
/* End PBXSourcesBuildPhase section */

/* Begin PBXVariantGroup section */
		1228854A2659827800D07DAB /* LaunchScreen.storyboard */ = {
			isa = PBXVariantGroup;
			children = (
				1228854B2659827800D07DAB /* Base */,
			);
			name = LaunchScreen.storyboard;
			sourceTree = "<group>";
		};
/* End PBXVariantGroup section */

/* Begin XCBuildConfiguration section */
		1228854E2659827800D07DAB /* Debug */ = {
			isa = XCBuildConfiguration;
			buildSettings = {
				ALWAYS_SEARCH_USER_PATHS = NO;
				CLANG_ANALYZER_NONNULL = YES;
				CLANG_ANALYZER_NUMBER_OBJECT_CONVERSION = YES_AGGRESSIVE;
				CLANG_CXX_LANGUAGE_STANDARD = "gnu++14";
				CLANG_CXX_LIBRARY = "libc++";
				CLANG_ENABLE_MODULES = YES;
				CLANG_ENABLE_OBJC_ARC = YES;
				CLANG_ENABLE_OBJC_WEAK = YES;
				CLANG_WARN_BLOCK_CAPTURE_AUTORELEASING = YES;
				CLANG_WARN_BOOL_CONVERSION = YES;
				CLANG_WARN_COMMA = YES;
				CLANG_WARN_CONSTANT_CONVERSION = YES;
				CLANG_WARN_DEPRECATED_OBJC_IMPLEMENTATIONS = YES;
				CLANG_WARN_DIRECT_OBJC_ISA_USAGE = YES_ERROR;
				CLANG_WARN_DOCUMENTATION_COMMENTS = YES;
				CLANG_WARN_EMPTY_BODY = YES;
				CLANG_WARN_ENUM_CONVERSION = YES;
				CLANG_WARN_INFINITE_RECURSION = YES;
				CLANG_WARN_INT_CONVERSION = YES;
				CLANG_WARN_NON_LITERAL_NULL_CONVERSION = YES;
				CLANG_WARN_OBJC_IMPLICIT_RETAIN_SELF = YES;
				CLANG_WARN_OBJC_LITERAL_CONVERSION = YES;
				CLANG_WARN_OBJC_ROOT_CLASS = YES_ERROR;
				CLANG_WARN_QUOTED_INCLUDE_IN_FRAMEWORK_HEADER = YES;
				CLANG_WARN_RANGE_LOOP_ANALYSIS = YES;
				CLANG_WARN_STRICT_PROTOTYPES = YES;
				CLANG_WARN_SUSPICIOUS_MOVE = YES;
				CLANG_WARN_UNGUARDED_AVAILABILITY = YES_AGGRESSIVE;
				CLANG_WARN_UNREACHABLE_CODE = YES;
				CLANG_WARN__DUPLICATE_METHOD_MATCH = YES;
				COPY_PHASE_STRIP = NO;
				DEBUG_INFORMATION_FORMAT = dwarf;
				ENABLE_STRICT_OBJC_MSGSEND = YES;
				ENABLE_TESTABILITY = YES;
				GCC_C_LANGUAGE_STANDARD = gnu11;
				GCC_DYNAMIC_NO_PIC = NO;
				GCC_NO_COMMON_BLOCKS = YES;
				GCC_OPTIMIZATION_LEVEL = 0;
				GCC_PREPROCESSOR_DEFINITIONS = (
					"DEBUG=1",
					"$(inherited)",
				);
				GCC_WARN_64_TO_32_BIT_CONVERSION = YES;
				GCC_WARN_ABOUT_RETURN_TYPE = YES_ERROR;
				GCC_WARN_UNDECLARED_SELECTOR = YES;
				GCC_WARN_UNINITIALIZED_AUTOS = YES_AGGRESSIVE;
				GCC_WARN_UNUSED_FUNCTION = YES;
				GCC_WARN_UNUSED_VARIABLE = YES;
				IPHONEOS_DEPLOYMENT_TARGET = 14.5;
				MTL_ENABLE_DEBUG_INFO = INCLUDE_SOURCE;
				MTL_FAST_MATH = YES;
				ONLY_ACTIVE_ARCH = YES;
				SDKROOT = iphoneos;
				SWIFT_ACTIVE_COMPILATION_CONDITIONS = DEBUG;
				SWIFT_OPTIMIZATION_LEVEL = "-Onone";
			};
			name = Debug;
		};
		1228854F2659827800D07DAB /* Release */ = {
			isa = XCBuildConfiguration;
			buildSettings = {
				ALWAYS_SEARCH_USER_PATHS = NO;
				CLANG_ANALYZER_NONNULL = YES;
				CLANG_ANALYZER_NUMBER_OBJECT_CONVERSION = YES_AGGRESSIVE;
				CLANG_CXX_LANGUAGE_STANDARD = "gnu++14";
				CLANG_CXX_LIBRARY = "libc++";
				CLANG_ENABLE_MODULES = YES;
				CLANG_ENABLE_OBJC_ARC = YES;
				CLANG_ENABLE_OBJC_WEAK = YES;
				CLANG_WARN_BLOCK_CAPTURE_AUTORELEASING = YES;
				CLANG_WARN_BOOL_CONVERSION = YES;
				CLANG_WARN_COMMA = YES;
				CLANG_WARN_CONSTANT_CONVERSION = YES;
				CLANG_WARN_DEPRECATED_OBJC_IMPLEMENTATIONS = YES;
				CLANG_WARN_DIRECT_OBJC_ISA_USAGE = YES_ERROR;
				CLANG_WARN_DOCUMENTATION_COMMENTS = YES;
				CLANG_WARN_EMPTY_BODY = YES;
				CLANG_WARN_ENUM_CONVERSION = YES;
				CLANG_WARN_INFINITE_RECURSION = YES;
				CLANG_WARN_INT_CONVERSION = YES;
				CLANG_WARN_NON_LITERAL_NULL_CONVERSION = YES;
				CLANG_WARN_OBJC_IMPLICIT_RETAIN_SELF = YES;
				CLANG_WARN_OBJC_LITERAL_CONVERSION = YES;
				CLANG_WARN_OBJC_ROOT_CLASS = YES_ERROR;
				CLANG_WARN_QUOTED_INCLUDE_IN_FRAMEWORK_HEADER = YES;
				CLANG_WARN_RANGE_LOOP_ANALYSIS = YES;
				CLANG_WARN_STRICT_PROTOTYPES = YES;
				CLANG_WARN_SUSPICIOUS_MOVE = YES;
				CLANG_WARN_UNGUARDED_AVAILABILITY = YES_AGGRESSIVE;
				CLANG_WARN_UNREACHABLE_CODE = YES;
				CLANG_WARN__DUPLICATE_METHOD_MATCH = YES;
				COPY_PHASE_STRIP = NO;
				DEBUG_INFORMATION_FORMAT = "dwarf-with-dsym";
				ENABLE_NS_ASSERTIONS = NO;
				ENABLE_STRICT_OBJC_MSGSEND = YES;
				GCC_C_LANGUAGE_STANDARD = gnu11;
				GCC_NO_COMMON_BLOCKS = YES;
				GCC_WARN_64_TO_32_BIT_CONVERSION = YES;
				GCC_WARN_ABOUT_RETURN_TYPE = YES_ERROR;
				GCC_WARN_UNDECLARED_SELECTOR = YES;
				GCC_WARN_UNINITIALIZED_AUTOS = YES_AGGRESSIVE;
				GCC_WARN_UNUSED_FUNCTION = YES;
				GCC_WARN_UNUSED_VARIABLE = YES;
				IPHONEOS_DEPLOYMENT_TARGET = 14.5;
				MTL_ENABLE_DEBUG_INFO = NO;
				MTL_FAST_MATH = YES;
				SDKROOT = iphoneos;
				SWIFT_COMPILATION_MODE = wholemodule;
				SWIFT_OPTIMIZATION_LEVEL = "-O";
				VALIDATE_PRODUCT = YES;
			};
			name = Release;
		};
		122885512659827800D07DAB /* Debug */ = {
			isa = XCBuildConfiguration;
			buildSettings = {
				ASSETCATALOG_COMPILER_APPICON_NAME = AppIcon;
				ASSETCATALOG_COMPILER_GLOBAL_ACCENT_COLOR_NAME = AccentColor;
				CODE_SIGN_STYLE = Automatic;
				DEVELOPMENT_TEAM = 8FT674V95S;
				INFOPLIST_FILE = "EventsApp/Supporting files/Info.plist";
				LD_RUNPATH_SEARCH_PATHS = (
					"$(inherited)",
					"@executable_path/Frameworks",
				);
				PRODUCT_BUNDLE_IDENTIFIER = che.tech.EventsApp;
				PRODUCT_NAME = "$(TARGET_NAME)";
				SWIFT_VERSION = 5.0;
				TARGETED_DEVICE_FAMILY = 1;
			};
			name = Debug;
		};
		122885522659827800D07DAB /* Release */ = {
			isa = XCBuildConfiguration;
			buildSettings = {
				ASSETCATALOG_COMPILER_APPICON_NAME = AppIcon;
				ASSETCATALOG_COMPILER_GLOBAL_ACCENT_COLOR_NAME = AccentColor;
				CODE_SIGN_STYLE = Automatic;
				DEVELOPMENT_TEAM = 8FT674V95S;
				INFOPLIST_FILE = "EventsApp/Supporting files/Info.plist";
				LD_RUNPATH_SEARCH_PATHS = (
					"$(inherited)",
					"@executable_path/Frameworks",
				);
				PRODUCT_BUNDLE_IDENTIFIER = che.tech.EventsApp;
				PRODUCT_NAME = "$(TARGET_NAME)";
				SWIFT_VERSION = 5.0;
				TARGETED_DEVICE_FAMILY = 1;
			};
			name = Release;
		};
/* End XCBuildConfiguration section */

/* Begin XCConfigurationList section */
		122885372659827300D07DAB /* Build configuration list for PBXProject "EventsApp" */ = {
			isa = XCConfigurationList;
			buildConfigurations = (
				1228854E2659827800D07DAB /* Debug */,
				1228854F2659827800D07DAB /* Release */,
			);
			defaultConfigurationIsVisible = 0;
			defaultConfigurationName = Release;
		};
		122885502659827800D07DAB /* Build configuration list for PBXNativeTarget "EventsApp" */ = {
			isa = XCConfigurationList;
			buildConfigurations = (
				122885512659827800D07DAB /* Debug */,
				122885522659827800D07DAB /* Release */,
			);
			defaultConfigurationIsVisible = 0;
			defaultConfigurationName = Release;
		};
/* End XCConfigurationList section */

/* Begin XCVersionGroup section */
		122885612659918600D07DAB /* EventsApp.xcdatamodeld */ = {
			isa = XCVersionGroup;
			children = (
				122885622659918600D07DAB /* EventsApp.xcdatamodel */,
			);
			currentVersion = 122885622659918600D07DAB /* EventsApp.xcdatamodel */;
			name = EventsApp.xcdatamodeld;
			path = ../../../../EventsApp.xcdatamodeld;
			sourceTree = "<group>";
			versionGroupType = wrapper.xcdatamodel;
		};
/* End XCVersionGroup section */
	};
	rootObject = 122885342659827300D07DAB /* Project object */;
}
